// !$*UTF8*$!
{
	archiveVersion = 1;
	classes = {
	};
	objectVersion = 56;
	objects = {

/* Begin PBXBuildFile section */
		3BD7158E2BB1BFC2000A8965 /* FirebaseAnalytics in Frameworks */ = {isa = PBXBuildFile; productRef = 3BD7158D2BB1BFC2000A8965 /* FirebaseAnalytics */; };
		3BD715902BB1BFC2000A8965 /* FirebaseAnalyticsOnDeviceConversion in Frameworks */ = {isa = PBXBuildFile; productRef = 3BD7158F2BB1BFC2000A8965 /* FirebaseAnalyticsOnDeviceConversion */; };
		3BD715922BB1BFC2000A8965 /* FirebaseAnalyticsSwift in Frameworks */ = {isa = PBXBuildFile; productRef = 3BD715912BB1BFC2000A8965 /* FirebaseAnalyticsSwift */; };
		3BD715942BB1BFC2000A8965 /* FirebaseAnalyticsWithoutAdIdSupport in Frameworks */ = {isa = PBXBuildFile; productRef = 3BD715932BB1BFC2000A8965 /* FirebaseAnalyticsWithoutAdIdSupport */; };
		3BD715962BB1BFC2000A8965 /* FirebaseAppCheck in Frameworks */ = {isa = PBXBuildFile; productRef = 3BD715952BB1BFC2000A8965 /* FirebaseAppCheck */; };
		3E14D6472BAB46B000A1F754 /* AppDelegate.swift in Sources */ = {isa = PBXBuildFile; fileRef = 3E14D6462BAB46B000A1F754 /* AppDelegate.swift */; };
		3E14D64B2BAB46B000A1F754 /* LoginViewController.swift in Sources */ = {isa = PBXBuildFile; fileRef = 3E14D64A2BAB46B000A1F754 /* LoginViewController.swift */; };
		3E14D6502BAB46B200A1F754 /* Assets.xcassets in Resources */ = {isa = PBXBuildFile; fileRef = 3E14D64F2BAB46B200A1F754 /* Assets.xcassets */; };
		3E1CE0F82BB1C2ED0038E90B /* GoogleService-Info.plist in Resources */ = {isa = PBXBuildFile; fileRef = 3E1CE0F72BB1C2ED0038E90B /* GoogleService-Info.plist */; };
		3E1CE0FB2BB1C4660038E90B /* User.swift in Sources */ = {isa = PBXBuildFile; fileRef = 3E1CE0FA2BB1C4660038E90B /* User.swift */; };
		3E1CE0FD2BB1CC2F0038E90B /* FirebaseAuth in Frameworks */ = {isa = PBXBuildFile; productRef = 3E1CE0FC2BB1CC2F0038E90B /* FirebaseAuth */; };
		3E1CE0FF2BB1D1C30038E90B /* UserController.swift in Sources */ = {isa = PBXBuildFile; fileRef = 3E1CE0FE2BB1D1C30038E90B /* UserController.swift */; };
		3E1CE1012BB1D2270038E90B /* FirebaseFirestore in Frameworks */ = {isa = PBXBuildFile; productRef = 3E1CE1002BB1D2270038E90B /* FirebaseFirestore */; };
		3E5DB4302BAE09B200B17D0B /* LoginView.swift in Sources */ = {isa = PBXBuildFile; fileRef = 3E5DB42F2BAE09B200B17D0B /* LoginView.swift */; };
/* End PBXBuildFile section */

/* Begin PBXFileReference section */
		3E14D6432BAB46B000A1F754 /* Recall.app */ = {isa = PBXFileReference; explicitFileType = wrapper.application; includeInIndex = 0; path = Recall.app; sourceTree = BUILT_PRODUCTS_DIR; };
		3E14D6462BAB46B000A1F754 /* AppDelegate.swift */ = {isa = PBXFileReference; lastKnownFileType = sourcecode.swift; path = AppDelegate.swift; sourceTree = "<group>"; };
		3E14D64A2BAB46B000A1F754 /* LoginViewController.swift */ = {isa = PBXFileReference; lastKnownFileType = sourcecode.swift; path = LoginViewController.swift; sourceTree = "<group>"; };
		3E14D64F2BAB46B200A1F754 /* Assets.xcassets */ = {isa = PBXFileReference; lastKnownFileType = folder.assetcatalog; path = Assets.xcassets; sourceTree = "<group>"; };
		3E14D6542BAB46B200A1F754 /* Info.plist */ = {isa = PBXFileReference; lastKnownFileType = text.plist.xml; path = Info.plist; sourceTree = "<group>"; };
		3E1CE0F72BB1C2ED0038E90B /* GoogleService-Info.plist */ = {isa = PBXFileReference; fileEncoding = 4; lastKnownFileType = text.plist.xml; path = "GoogleService-Info.plist"; sourceTree = "<group>"; };
		3E1CE0FA2BB1C4660038E90B /* User.swift */ = {isa = PBXFileReference; lastKnownFileType = sourcecode.swift; path = User.swift; sourceTree = "<group>"; };
		3E1CE0FE2BB1D1C30038E90B /* UserController.swift */ = {isa = PBXFileReference; lastKnownFileType = sourcecode.swift; path = UserController.swift; sourceTree = "<group>"; };
		3E5DB42F2BAE09B200B17D0B /* LoginView.swift */ = {isa = PBXFileReference; lastKnownFileType = sourcecode.swift; path = LoginView.swift; sourceTree = "<group>"; };
/* End PBXFileReference section */

/* Begin PBXFrameworksBuildPhase section */
		3E14D6402BAB46B000A1F754 /* Frameworks */ = {
			isa = PBXFrameworksBuildPhase;
			buildActionMask = 2147483647;
			files = (
				3BD715922BB1BFC2000A8965 /* FirebaseAnalyticsSwift in Frameworks */,
				3E1CE0FD2BB1CC2F0038E90B /* FirebaseAuth in Frameworks */,
				3BD7158E2BB1BFC2000A8965 /* FirebaseAnalytics in Frameworks */,
				3BD715902BB1BFC2000A8965 /* FirebaseAnalyticsOnDeviceConversion in Frameworks */,
				3BD715962BB1BFC2000A8965 /* FirebaseAppCheck in Frameworks */,
				3BD715942BB1BFC2000A8965 /* FirebaseAnalyticsWithoutAdIdSupport in Frameworks */,
				3E1CE1012BB1D2270038E90B /* FirebaseFirestore in Frameworks */,
			);
			runOnlyForDeploymentPostprocessing = 0;
		};
/* End PBXFrameworksBuildPhase section */

/* Begin PBXGroup section */
		3B57D1B42BAE0557000045D0 /* Files */ = {
			isa = PBXGroup;
			children = (
				3E14D6462BAB46B000A1F754 /* AppDelegate.swift */,
				3E14D6542BAB46B200A1F754 /* Info.plist */,
				3E14D64F2BAB46B200A1F754 /* Assets.xcassets */,
			);
			path = Files;
			sourceTree = "<group>";
		};
		3B57D1B52BAE0774000045D0 /* Controllers */ = {
			isa = PBXGroup;
			children = (
				3E14D64A2BAB46B000A1F754 /* LoginViewController.swift */,
				3E5DB42F2BAE09B200B17D0B /* LoginView.swift */,
			);
			path = Controllers;
			sourceTree = "<group>";
		};
		3E14D63A2BAB46B000A1F754 = {
			isa = PBXGroup;
			children = (
				3E14D6452BAB46B000A1F754 /* Recall */,
				3E14D6442BAB46B000A1F754 /* Products */,
			);
			sourceTree = "<group>";
		};
		3E14D6442BAB46B000A1F754 /* Products */ = {
			isa = PBXGroup;
			children = (
				3E14D6432BAB46B000A1F754 /* Recall.app */,
			);
			name = Products;
			sourceTree = "<group>";
		};
		3E14D6452BAB46B000A1F754 /* Recall */ = {
			isa = PBXGroup;
			children = (
				3E1CE0F92BB1C44C0038E90B /* Users */,
				3E1CE0F72BB1C2ED0038E90B /* GoogleService-Info.plist */,
				3B57D1B42BAE0557000045D0 /* Files */,
				3B57D1B52BAE0774000045D0 /* Controllers */,
			);
			path = Recall;
			sourceTree = "<group>";
		};
		3E1CE0F92BB1C44C0038E90B /* Users */ = {
			isa = PBXGroup;
			children = (
				3E1CE0FA2BB1C4660038E90B /* User.swift */,
				3E1CE0FE2BB1D1C30038E90B /* UserController.swift */,
			);
			path = Users;
			sourceTree = "<group>";
		};
/* End PBXGroup section */

/* Begin PBXNativeTarget section */
		3E14D6422BAB46B000A1F754 /* Recall */ = {
			isa = PBXNativeTarget;
			buildConfigurationList = 3E14D6572BAB46B200A1F754 /* Build configuration list for PBXNativeTarget "Recall" */;
			buildPhases = (
				3E14D63F2BAB46B000A1F754 /* Sources */,
				3E14D6402BAB46B000A1F754 /* Frameworks */,
				3E14D6412BAB46B000A1F754 /* Resources */,
			);
			buildRules = (
			);
			dependencies = (
			);
			name = Recall;
			packageProductDependencies = (
				3BD7158D2BB1BFC2000A8965 /* FirebaseAnalytics */,
				3BD7158F2BB1BFC2000A8965 /* FirebaseAnalyticsOnDeviceConversion */,
				3BD715912BB1BFC2000A8965 /* FirebaseAnalyticsSwift */,
				3BD715932BB1BFC2000A8965 /* FirebaseAnalyticsWithoutAdIdSupport */,
				3BD715952BB1BFC2000A8965 /* FirebaseAppCheck */,
				3E1CE0FC2BB1CC2F0038E90B /* FirebaseAuth */,
				3E1CE1002BB1D2270038E90B /* FirebaseFirestore */,
			);
			productName = Recall;
			productReference = 3E14D6432BAB46B000A1F754 /* Recall.app */;
			productType = "com.apple.product-type.application";
		};
/* End PBXNativeTarget section */

/* Begin PBXProject section */
		3E14D63B2BAB46B000A1F754 /* Project object */ = {
			isa = PBXProject;
			attributes = {
				BuildIndependentTargetsInParallel = 1;
				LastSwiftUpdateCheck = 1530;
				LastUpgradeCheck = 1530;
				TargetAttributes = {
					3E14D6422BAB46B000A1F754 = {
						CreatedOnToolsVersion = 15.3;
					};
				};
			};
			buildConfigurationList = 3E14D63E2BAB46B000A1F754 /* Build configuration list for PBXProject "Recall" */;
			compatibilityVersion = "Xcode 14.0";
			developmentRegion = en;
			hasScannedForEncodings = 0;
			knownRegions = (
				en,
				Base,
			);
			mainGroup = 3E14D63A2BAB46B000A1F754;
			packageReferences = (
				3BD7158C2BB1BFC2000A8965 /* XCRemoteSwiftPackageReference "firebase-ios-sdk" */,
			);
			productRefGroup = 3E14D6442BAB46B000A1F754 /* Products */;
			projectDirPath = "";
			projectRoot = "";
			targets = (
				3E14D6422BAB46B000A1F754 /* Recall */,
			);
		};
/* End PBXProject section */

/* Begin PBXResourcesBuildPhase section */
		3E14D6412BAB46B000A1F754 /* Resources */ = {
			isa = PBXResourcesBuildPhase;
			buildActionMask = 2147483647;
			files = (
				3E14D6502BAB46B200A1F754 /* Assets.xcassets in Resources */,
				3E1CE0F82BB1C2ED0038E90B /* GoogleService-Info.plist in Resources */,
			);
			runOnlyForDeploymentPostprocessing = 0;
		};
/* End PBXResourcesBuildPhase section */

/* Begin PBXSourcesBuildPhase section */
		3E14D63F2BAB46B000A1F754 /* Sources */ = {
			isa = PBXSourcesBuildPhase;
			buildActionMask = 2147483647;
			files = (
				3E1CE0FB2BB1C4660038E90B /* User.swift in Sources */,
				3E5DB4302BAE09B200B17D0B /* LoginView.swift in Sources */,
				3E1CE0FF2BB1D1C30038E90B /* UserController.swift in Sources */,
				3E14D64B2BAB46B000A1F754 /* LoginViewController.swift in Sources */,
				3E14D6472BAB46B000A1F754 /* AppDelegate.swift in Sources */,
			);
			runOnlyForDeploymentPostprocessing = 0;
		};
/* End PBXSourcesBuildPhase section */

/* Begin XCBuildConfiguration section */
		3E14D6552BAB46B200A1F754 /* Debug */ = {
			isa = XCBuildConfiguration;
			buildSettings = {
				ALWAYS_SEARCH_USER_PATHS = NO;
				ASSETCATALOG_COMPILER_GENERATE_SWIFT_ASSET_SYMBOL_EXTENSIONS = YES;
				CLANG_ANALYZER_NONNULL = YES;
				CLANG_ANALYZER_NUMBER_OBJECT_CONVERSION = YES_AGGRESSIVE;
				CLANG_CXX_LANGUAGE_STANDARD = "gnu++20";
				CLANG_ENABLE_MODULES = YES;
				CLANG_ENABLE_OBJC_ARC = YES;
				CLANG_ENABLE_OBJC_WEAK = YES;
				CLANG_WARN_BLOCK_CAPTURE_AUTORELEASING = YES;
				CLANG_WARN_BOOL_CONVERSION = YES;
				CLANG_WARN_COMMA = YES;
				CLANG_WARN_CONSTANT_CONVERSION = YES;
				CLANG_WARN_DEPRECATED_OBJC_IMPLEMENTATIONS = YES;
				CLANG_WARN_DIRECT_OBJC_ISA_USAGE = YES_ERROR;
				CLANG_WARN_DOCUMENTATION_COMMENTS = YES;
				CLANG_WARN_EMPTY_BODY = YES;
				CLANG_WARN_ENUM_CONVERSION = YES;
				CLANG_WARN_INFINITE_RECURSION = YES;
				CLANG_WARN_INT_CONVERSION = YES;
				CLANG_WARN_NON_LITERAL_NULL_CONVERSION = YES;
				CLANG_WARN_OBJC_IMPLICIT_RETAIN_SELF = YES;
				CLANG_WARN_OBJC_LITERAL_CONVERSION = YES;
				CLANG_WARN_OBJC_ROOT_CLASS = YES_ERROR;
				CLANG_WARN_QUOTED_INCLUDE_IN_FRAMEWORK_HEADER = YES;
				CLANG_WARN_RANGE_LOOP_ANALYSIS = YES;
				CLANG_WARN_STRICT_PROTOTYPES = YES;
				CLANG_WARN_SUSPICIOUS_MOVE = YES;
				CLANG_WARN_UNGUARDED_AVAILABILITY = YES_AGGRESSIVE;
				CLANG_WARN_UNREACHABLE_CODE = YES;
				CLANG_WARN__DUPLICATE_METHOD_MATCH = YES;
				COPY_PHASE_STRIP = NO;
				DEBUG_INFORMATION_FORMAT = dwarf;
				ENABLE_STRICT_OBJC_MSGSEND = YES;
				ENABLE_TESTABILITY = YES;
				ENABLE_USER_SCRIPT_SANDBOXING = YES;
				GCC_C_LANGUAGE_STANDARD = gnu17;
				GCC_DYNAMIC_NO_PIC = NO;
				GCC_NO_COMMON_BLOCKS = YES;
				GCC_OPTIMIZATION_LEVEL = 0;
				GCC_PREPROCESSOR_DEFINITIONS = (
					"DEBUG=1",
					"$(inherited)",
				);
				GCC_WARN_64_TO_32_BIT_CONVERSION = YES;
				GCC_WARN_ABOUT_RETURN_TYPE = YES_ERROR;
				GCC_WARN_UNDECLARED_SELECTOR = YES;
				GCC_WARN_UNINITIALIZED_AUTOS = YES_AGGRESSIVE;
				GCC_WARN_UNUSED_FUNCTION = YES;
				GCC_WARN_UNUSED_VARIABLE = YES;
				IPHONEOS_DEPLOYMENT_TARGET = 17.4;
				LOCALIZATION_PREFERS_STRING_CATALOGS = YES;
				MTL_ENABLE_DEBUG_INFO = INCLUDE_SOURCE;
				MTL_FAST_MATH = YES;
				ONLY_ACTIVE_ARCH = YES;
				SDKROOT = iphoneos;
				SWIFT_ACTIVE_COMPILATION_CONDITIONS = "DEBUG $(inherited)";
				SWIFT_OPTIMIZATION_LEVEL = "-Onone";
			};
			name = Debug;
		};
		3E14D6562BAB46B200A1F754 /* Release */ = {
			isa = XCBuildConfiguration;
			buildSettings = {
				ALWAYS_SEARCH_USER_PATHS = NO;
				ASSETCATALOG_COMPILER_GENERATE_SWIFT_ASSET_SYMBOL_EXTENSIONS = YES;
				CLANG_ANALYZER_NONNULL = YES;
				CLANG_ANALYZER_NUMBER_OBJECT_CONVERSION = YES_AGGRESSIVE;
				CLANG_CXX_LANGUAGE_STANDARD = "gnu++20";
				CLANG_ENABLE_MODULES = YES;
				CLANG_ENABLE_OBJC_ARC = YES;
				CLANG_ENABLE_OBJC_WEAK = YES;
				CLANG_WARN_BLOCK_CAPTURE_AUTORELEASING = YES;
				CLANG_WARN_BOOL_CONVERSION = YES;
				CLANG_WARN_COMMA = YES;
				CLANG_WARN_CONSTANT_CONVERSION = YES;
				CLANG_WARN_DEPRECATED_OBJC_IMPLEMENTATIONS = YES;
				CLANG_WARN_DIRECT_OBJC_ISA_USAGE = YES_ERROR;
				CLANG_WARN_DOCUMENTATION_COMMENTS = YES;
				CLANG_WARN_EMPTY_BODY = YES;
				CLANG_WARN_ENUM_CONVERSION = YES;
				CLANG_WARN_INFINITE_RECURSION = YES;
				CLANG_WARN_INT_CONVERSION = YES;
				CLANG_WARN_NON_LITERAL_NULL_CONVERSION = YES;
				CLANG_WARN_OBJC_IMPLICIT_RETAIN_SELF = YES;
				CLANG_WARN_OBJC_LITERAL_CONVERSION = YES;
				CLANG_WARN_OBJC_ROOT_CLASS = YES_ERROR;
				CLANG_WARN_QUOTED_INCLUDE_IN_FRAMEWORK_HEADER = YES;
				CLANG_WARN_RANGE_LOOP_ANALYSIS = YES;
				CLANG_WARN_STRICT_PROTOTYPES = YES;
				CLANG_WARN_SUSPICIOUS_MOVE = YES;
				CLANG_WARN_UNGUARDED_AVAILABILITY = YES_AGGRESSIVE;
				CLANG_WARN_UNREACHABLE_CODE = YES;
				CLANG_WARN__DUPLICATE_METHOD_MATCH = YES;
				COPY_PHASE_STRIP = NO;
				DEBUG_INFORMATION_FORMAT = "dwarf-with-dsym";
				ENABLE_NS_ASSERTIONS = NO;
				ENABLE_STRICT_OBJC_MSGSEND = YES;
				ENABLE_USER_SCRIPT_SANDBOXING = YES;
				GCC_C_LANGUAGE_STANDARD = gnu17;
				GCC_NO_COMMON_BLOCKS = YES;
				GCC_WARN_64_TO_32_BIT_CONVERSION = YES;
				GCC_WARN_ABOUT_RETURN_TYPE = YES_ERROR;
				GCC_WARN_UNDECLARED_SELECTOR = YES;
				GCC_WARN_UNINITIALIZED_AUTOS = YES_AGGRESSIVE;
				GCC_WARN_UNUSED_FUNCTION = YES;
				GCC_WARN_UNUSED_VARIABLE = YES;
				IPHONEOS_DEPLOYMENT_TARGET = 17.4;
				LOCALIZATION_PREFERS_STRING_CATALOGS = YES;
				MTL_ENABLE_DEBUG_INFO = NO;
				MTL_FAST_MATH = YES;
				SDKROOT = iphoneos;
				SWIFT_COMPILATION_MODE = wholemodule;
				VALIDATE_PRODUCT = YES;
			};
			name = Release;
		};
		3E14D6582BAB46B200A1F754 /* Debug */ = {
			isa = XCBuildConfiguration;
			buildSettings = {
				ASSETCATALOG_COMPILER_APPICON_NAME = AppIcon;
				ASSETCATALOG_COMPILER_GLOBAL_ACCENT_COLOR_NAME = AccentColor;
				CODE_SIGN_STYLE = Automatic;
				CURRENT_PROJECT_VERSION = 1;
				GENERATE_INFOPLIST_FILE = YES;
				INFOPLIST_FILE = Recall/Files/Info.plist;
				INFOPLIST_KEY_UIApplicationSupportsIndirectInputEvents = YES;
				INFOPLIST_KEY_UILaunchStoryboardName = LaunchScreen;
				INFOPLIST_KEY_UISupportedInterfaceOrientations_iPad = "UIInterfaceOrientationPortrait UIInterfaceOrientationPortraitUpsideDown UIInterfaceOrientationLandscapeLeft UIInterfaceOrientationLandscapeRight";
				INFOPLIST_KEY_UISupportedInterfaceOrientations_iPhone = "UIInterfaceOrientationPortrait UIInterfaceOrientationLandscapeLeft UIInterfaceOrientationLandscapeRight";
				IPHONEOS_DEPLOYMENT_TARGET = 17.0;
				LD_RUNPATH_SEARCH_PATHS = (
					"$(inherited)",
					"@executable_path/Frameworks",
				);
				MARKETING_VERSION = 1.0;
				PRODUCT_BUNDLE_IDENTIFIER = com.nicholasStamoulis.Recall;
				PRODUCT_NAME = "$(TARGET_NAME)";
				SWIFT_EMIT_LOC_STRINGS = YES;
				SWIFT_VERSION = 5.0;
				TARGETED_DEVICE_FAMILY = "1,2";
			};
			name = Debug;
		};
		3E14D6592BAB46B200A1F754 /* Release */ = {
			isa = XCBuildConfiguration;
			buildSettings = {
				ASSETCATALOG_COMPILER_APPICON_NAME = AppIcon;
				ASSETCATALOG_COMPILER_GLOBAL_ACCENT_COLOR_NAME = AccentColor;
				CODE_SIGN_STYLE = Automatic;
				CURRENT_PROJECT_VERSION = 1;
				GENERATE_INFOPLIST_FILE = YES;
				INFOPLIST_FILE = Recall/Files/Info.plist;
				INFOPLIST_KEY_UIApplicationSupportsIndirectInputEvents = YES;
				INFOPLIST_KEY_UILaunchStoryboardName = LaunchScreen;
				INFOPLIST_KEY_UISupportedInterfaceOrientations_iPad = "UIInterfaceOrientationPortrait UIInterfaceOrientationPortraitUpsideDown UIInterfaceOrientationLandscapeLeft UIInterfaceOrientationLandscapeRight";
				INFOPLIST_KEY_UISupportedInterfaceOrientations_iPhone = "UIInterfaceOrientationPortrait UIInterfaceOrientationLandscapeLeft UIInterfaceOrientationLandscapeRight";
				IPHONEOS_DEPLOYMENT_TARGET = 17.0;
				LD_RUNPATH_SEARCH_PATHS = (
					"$(inherited)",
					"@executable_path/Frameworks",
				);
				MARKETING_VERSION = 1.0;
				PRODUCT_BUNDLE_IDENTIFIER = com.nicholasStamoulis.Recall;
				PRODUCT_NAME = "$(TARGET_NAME)";
				SWIFT_EMIT_LOC_STRINGS = YES;
				SWIFT_VERSION = 5.0;
				TARGETED_DEVICE_FAMILY = "1,2";
			};
			name = Release;
		};
/* End XCBuildConfiguration section */

/* Begin XCConfigurationList section */
		3E14D63E2BAB46B000A1F754 /* Build configuration list for PBXProject "Recall" */ = {
			isa = XCConfigurationList;
			buildConfigurations = (
				3E14D6552BAB46B200A1F754 /* Debug */,
				3E14D6562BAB46B200A1F754 /* Release */,
			);
			defaultConfigurationIsVisible = 0;
			defaultConfigurationName = Release;
		};
		3E14D6572BAB46B200A1F754 /* Build configuration list for PBXNativeTarget "Recall" */ = {
			isa = XCConfigurationList;
			buildConfigurations = (
				3E14D6582BAB46B200A1F754 /* Debug */,
				3E14D6592BAB46B200A1F754 /* Release */,
			);
			defaultConfigurationIsVisible = 0;
			defaultConfigurationName = Release;
		};
/* End XCConfigurationList section */

/* Begin XCRemoteSwiftPackageReference section */
		3BD7158C2BB1BFC2000A8965 /* XCRemoteSwiftPackageReference "firebase-ios-sdk" */ = {
			isa = XCRemoteSwiftPackageReference;
			repositoryURL = "https://github.com/firebase/firebase-ios-sdk";
			requirement = {
				kind = upToNextMajorVersion;
				minimumVersion = 10.23.0;
			};
		};
/* End XCRemoteSwiftPackageReference section */

/* Begin XCSwiftPackageProductDependency section */
		3BD7158D2BB1BFC2000A8965 /* FirebaseAnalytics */ = {
			isa = XCSwiftPackageProductDependency;
			package = 3BD7158C2BB1BFC2000A8965 /* XCRemoteSwiftPackageReference "firebase-ios-sdk" */;
			productName = FirebaseAnalytics;
		};
		3BD7158F2BB1BFC2000A8965 /* FirebaseAnalyticsOnDeviceConversion */ = {
			isa = XCSwiftPackageProductDependency;
			package = 3BD7158C2BB1BFC2000A8965 /* XCRemoteSwiftPackageReference "firebase-ios-sdk" */;
			productName = FirebaseAnalyticsOnDeviceConversion;
		};
		3BD715912BB1BFC2000A8965 /* FirebaseAnalyticsSwift */ = {
			isa = XCSwiftPackageProductDependency;
			package = 3BD7158C2BB1BFC2000A8965 /* XCRemoteSwiftPackageReference "firebase-ios-sdk" */;
			productName = FirebaseAnalyticsSwift;
		};
		3BD715932BB1BFC2000A8965 /* FirebaseAnalyticsWithoutAdIdSupport */ = {
			isa = XCSwiftPackageProductDependency;
			package = 3BD7158C2BB1BFC2000A8965 /* XCRemoteSwiftPackageReference "firebase-ios-sdk" */;
			productName = FirebaseAnalyticsWithoutAdIdSupport;
		};
		3BD715952BB1BFC2000A8965 /* FirebaseAppCheck */ = {
			isa = XCSwiftPackageProductDependency;
			package = 3BD7158C2BB1BFC2000A8965 /* XCRemoteSwiftPackageReference "firebase-ios-sdk" */;
			productName = FirebaseAppCheck;
		};
		3E1CE0FC2BB1CC2F0038E90B /* FirebaseAuth */ = {
			isa = XCSwiftPackageProductDependency;
			package = 3BD7158C2BB1BFC2000A8965 /* XCRemoteSwiftPackageReference "firebase-ios-sdk" */;
			productName = FirebaseAuth;
		};
		3E1CE1002BB1D2270038E90B /* FirebaseFirestore */ = {
			isa = XCSwiftPackageProductDependency;
			package = 3BD7158C2BB1BFC2000A8965 /* XCRemoteSwiftPackageReference "firebase-ios-sdk" */;
			productName = FirebaseFirestore;
		};
/* End XCSwiftPackageProductDependency section */
	};
	rootObject = 3E14D63B2BAB46B000A1F754 /* Project object */;
}
